<?xml version="1.0" encoding="utf-8"?>
<Project ToolsVersion="4.0" xmlns="http://schemas.microsoft.com/developer/msbuild/2003">
  <ItemGroup>
    <Filter Include="Source Files">
      <UniqueIdentifier>{4FC737F1-C7A5-4376-A066-2A32D752A2FF}</UniqueIdentifier>
      <Extensions>qml;cpp;c;cc;cxx;def;odl;idl;hpj;bat;asm;asmx</Extensions>
    </Filter>
    <Filter Include="Header Files">
      <UniqueIdentifier>{93995380-89BD-4b04-88EB-625FBE52EBFB}</UniqueIdentifier>
      <Extensions>h;hh;hpp;hxx;hm;inl;inc;xsd</Extensions>
    </Filter>
    <Filter Include="Resource Files">
      <UniqueIdentifier>{67DA6AB6-F800-4c08-8B7A-83BB121AAD01}</UniqueIdentifier>
      <Extensions>qrc;rc;ico;cur;bmp;dlg;rc2;rct;bin;rgs;gif;jpg;jpeg;jpe;resx;tiff;tif;png;wav;mfcribbon-ms</Extensions>
    </Filter>
    <Filter Include="Form Files">
      <UniqueIdentifier>{99349809-55BA-4b9d-BF79-8FDBB0286EB3}</UniqueIdentifier>
      <Extensions>ui</Extensions>
    </Filter>
    <Filter Include="Translation Files">
      <UniqueIdentifier>{639EADAA-A684-42e4-A9AD-28FC9BCB8F7C}</UniqueIdentifier>
      <Extensions>ts</Extensions>
    </Filter>
  </ItemGroup>
  <ItemGroup>
    <QtRcc Include="QtWidgetsApplication1.qrc">
      <Filter>Resource Files</Filter>
    </QtRcc>
    <QtUic Include="QtWidgetsApplication1.ui">
      <Filter>Form Files</Filter>
    </QtUic>
    <QtMoc Include="include\QtWidgetsApplication1.h">
      <Filter>Header Files</Filter>
    </QtMoc>
    <ClCompile Include="src\QtWidgetsApplication1.cpp">
      <Filter>Source Files</Filter>
    </ClCompile>
  </ItemGroup>
  <ItemGroup>
    <ClCompile Include="src\main.cpp">
      <Filter>Source Files</Filter>
    </ClCompile>
    <ClCompile Include="src\MainWindow.cpp">
      <Filter>Source Files</Filter>
    </ClCompile>
    <ClCompile Include="src\file_repository.cpp">
      <Filter>Source Files</Filter>
    </ClCompile>
    <ClCompile Include="src\repository.cpp">
      <Filter>Source Files</Filter>
    </ClCompile>
    <ClCompile Include="src\service.cpp">
      <Filter>Source Files</Filter>
    </ClCompile>
    <ClCompile Include="src\sort.cpp">
      <Filter>Source Files</Filter>
    </ClCompile>
    <ClCompile Include="src\tests.cpp">
      <Filter>Source Files</Filter>
    </ClCompile>
    <ClCompile Include="src\TrenchCoat.cpp">
      <Filter>Source Files</Filter>
    </ClCompile>
    <ClCompile Include="src\ui.cpp">
      <Filter>Source Files</Filter>
    </ClCompile>
    <ClCompile Include="src\user_service.cpp">
      <Filter>Source Files</Filter>
    </ClCompile>
    <ClCompile Include="src\Utils.cpp">
      <Filter>Source Files</Filter>
    </ClCompile>
    <ClCompile Include="src\validator.cpp">
      <Filter>Source Files</Filter>
    </ClCompile>
    <ClCompile Include="src\validator_exceptions.cpp">
      <Filter>Source Files</Filter>
    </ClCompile>
    <ClCompile Include="src\AdminWindow.cpp">
      <Filter>Source Files</Filter>
    </ClCompile>
    <ClCompile Include="src\StartUpWindow.cpp">
      <Filter>Source Files</Filter>
    </ClCompile>
    <ClCompile Include="src\RepoChooserWindow.cpp">
      <Filter>Source Files</Filter>
    </ClCompile>
    <ClCompile Include="src\UserWindow.cpp">
      <Filter>Source Files</Filter>
    </ClCompile>
  </ItemGroup>
  <ItemGroup>
    <QtMoc Include="include\MainWindow.h">
      <Filter>Header Files</Filter>
    </QtMoc>
    <QtMoc Include="include\AdminWindow.h">
      <Filter>Header Files</Filter>
    </QtMoc>
    <QtMoc Include="include\StartUpWindow.h">
      <Filter>Header Files</Filter>
    </QtMoc>
    <QtMoc Include="include\RepoChooserWindow.h">
      <Filter>Header Files</Filter>
    </QtMoc>
    <QtMoc Include="include\UserWindow.h">
      <Filter>Header Files</Filter>
    </QtMoc>
  </ItemGroup>
  <ItemGroup>
    <ClInclude Include="include\cart_saver.h">
      <Filter>Header Files</Filter>
    </ClInclude>
    <ClInclude Include="include\cart_saverCSV.h">
      <Filter>Header Files</Filter>
    </ClInclude>
    <ClInclude Include="include\cart_saverHTML.h">
      <Filter>Header Files</Filter>
    </ClInclude>
    <ClInclude Include="include\comparator.h">
      <Filter>Header Files</Filter>
    </ClInclude>
    <ClInclude Include="include\file_repository.h">
      <Filter>Header Files</Filter>
    </ClInclude>
    <ClInclude Include="include\repository.h">
      <Filter>Header Files</Filter>
    </ClInclude>
    <ClInclude Include="include\repository_exceptions.h">
      <Filter>Header Files</Filter>
    </ClInclude>
    <ClInclude Include="include\service.h">
      <Filter>Header Files</Filter>
    </ClInclude>
    <ClInclude Include="include\sort.h">
      <Filter>Header Files</Filter>
    </ClInclude>
    <ClInclude Include="include\tests.h">
      <Filter>Header Files</Filter>
    </ClInclude>
    <ClInclude Include="include\TrenchCoat.h">
      <Filter>Header Files</Filter>
    </ClInclude>
    <ClInclude Include="include\ui.h">
      <Filter>Header Files</Filter>
    </ClInclude>
    <ClInclude Include="include\user_service.h">
      <Filter>Header Files</Filter>
    </ClInclude>
    <ClInclude Include="include\Utils.h">
      <Filter>Header Files</Filter>
    </ClInclude>
    <ClInclude Include="include\validator.h">
      <Filter>Header Files</Filter>
    </ClInclude>
    <ClInclude Include="include\validator_exceptions.h">
      <Filter>Header Files</Filter>
    </ClInclude>
  </ItemGroup>
  <ItemGroup>
    <None Include="..\A6-7\cart.csv" />
    <None Include="cart.html" />
    <None Include=".gitignore" />
    <None Include=".gitattributes" />
    <None Include="README.md" />
  </ItemGroup>
  <ItemGroup>
    <Text Include="TrenchCoats.txt" />
  </ItemGroup>
</Project>